
Microsoft Visual Studio Solution File, Format Version 12.00
# Visual Studio Version 16
VisualStudioVersion = 16.0.31112.23
MinimumVisualStudioVersion = 10.0.40219.1
Project("{FAE04EC0-301F-11D3-BF4B-00C04F79EFBC}") = "RestApiExample", "RestApiExample\RestApiExample.csproj", "{9441D093-6B2A-4283-A40D-9B78CAB16727}"
EndProject
Global
	GlobalSection(SolutionConfigurationPlatforms) = preSolution
		Debug|Any CPU = Debug|Any CPU
		Release|Any CPU = Release|Any CPU
	EndGlobalSection
	GlobalSection(ProjectConfigurationPlatforms) = postSolution
		{9441D093-6B2A-4283-A40D-9B78CAB16727}.Debug|Any CPU.ActiveCfg = Debug|Any CPU
		{9441D093-6B2A-4283-A40D-9B78CAB16727}.Debug|Any CPU.Build.0 = Debug|Any CPU
		{9441D093-6B2A-4283-A40D-9B78CAB16727}.Release|Any CPU.ActiveCfg = Release|Any CPU
		{9441D093-6B2A-4283-A40D-9B78CAB16727}.Release|Any CPU.Build.0 = Release|Any CPU
	EndGlobalSection
	GlobalSection(SolutionProperties) = preSolution
		HideSolutionNode = FALSE
	EndGlobalSection
	GlobalSection(ExtensibilityGlobals) = postSolution
		SolutionGuid = {91738627-A3D7-4B82-B743-D1E5926DD752}
	EndGlobalSection
EndGlobal
